github.com/thedevsaddam/retry v1.2.1 h1:QZsJNKhDEBOqsS72kvcee81fDCWUSoNi3SC4EpzcGB0=
github.com/thedevsaddam/retry v1.2.1/go.mod h1:2rz2mY+1qEXG47loLDkV+ZJHGFwmhax5rOTpP+5aR80=
golang.org/x/sync v0.17.0 h1:l60nONMj9l5drqw6jlhIELNv9I0A4OFgRsG9k2oT9Ug=
golang.org/x/sync v0.17.0/go.mod h1:9KTHXmSnoGruLpwFjVSX0lNNA75CykiMECbovNTZqGI=
